// !$*UTF8*$!
{
	archiveVersion = 1;
	classes = {
	};
	objectVersion = 50;
	objects = {

/* Begin PBXBuildFile section */
		D61CD23A210D87AD00D0018C /* AppDelegate.m in Sources */ = {isa = PBXBuildFile; fileRef = D61CD239210D87AD00D0018C /* AppDelegate.m */; };
		D61CD23D210D87AD00D0018C /* ViewController.m in Sources */ = {isa = PBXBuildFile; fileRef = D61CD23C210D87AD00D0018C /* ViewController.m */; };
		D61CD240210D87AD00D0018C /* Main.storyboard in Resources */ = {isa = PBXBuildFile; fileRef = D61CD23E210D87AD00D0018C /* Main.storyboard */; };
		D61CD242210D87AE00D0018C /* Assets.xcassets in Resources */ = {isa = PBXBuildFile; fileRef = D61CD241210D87AE00D0018C /* Assets.xcassets */; };
		D61CD245210D87AE00D0018C /* LaunchScreen.storyboard in Resources */ = {isa = PBXBuildFile; fileRef = D61CD243210D87AE00D0018C /* LaunchScreen.storyboard */; };
		D61CD248210D87AE00D0018C /* main.m in Sources */ = {isa = PBXBuildFile; fileRef = D61CD247210D87AE00D0018C /* main.m */; };
		D61CD250210D88B900D0018C /* SecondViewController.m in Sources */ = {isa = PBXBuildFile; fileRef = D61CD24F210D88B900D0018C /* SecondViewController.m */; };
/* End PBXBuildFile section */

/* Begin PBXFileReference section */
		D61CD235210D87AD00D0018C /* Callback.app */ = {isa = PBXFileReference; explicitFileType = wrapper.application; includeInIndex = 0; path = Callback.app; sourceTree = BUILT_PRODUCTS_DIR; };
		D61CD238210D87AD00D0018C /* AppDelegate.h */ = {isa = PBXFileReference; lastKnownFileType = sourcecode.c.h; path = AppDelegate.h; sourceTree = "<group>"; };
		D61CD239210D87AD00D0018C /* AppDelegate.m */ = {isa = PBXFileReference; lastKnownFileType = sourcecode.c.objc; path = AppDelegate.m; sourceTree = "<group>"; };
		D61CD23B210D87AD00D0018C /* ViewController.h */ = {isa = PBXFileReference; lastKnownFileType = sourcecode.c.h; path = ViewController.h; sourceTree = "<group>"; };
		D61CD23C210D87AD00D0018C /* ViewController.m */ = {isa = PBXFileReference; lastKnownFileType = sourcecode.c.objc; path = ViewController.m; sourceTree = "<group>"; };
		D61CD23F210D87AD00D0018C /* Base */ = {isa = PBXFileReference; lastKnownFileType = file.storyboard; name = Base; path = Base.lproj/Main.storyboard; sourceTree = "<group>"; };
		D61CD241210D87AE00D0018C /* Assets.xcassets */ = {isa = PBXFileReference; lastKnownFileType = folder.assetcatalog; path = Assets.xcassets; sourceTree = "<group>"; };
		D61CD244210D87AE00D0018C /* Base */ = {isa = PBXFileReference; lastKnownFileType = file.storyboard; name = Base; path = Base.lproj/LaunchScreen.storyboard; sourceTree = "<group>"; };
		D61CD246210D87AE00D0018C /* Info.plist */ = {isa = PBXFileReference; lastKnownFileType = text.plist.xml; path = Info.plist; sourceTree = "<group>"; };
		D61CD247210D87AE00D0018C /* main.m */ = {isa = PBXFileReference; lastKnownFileType = sourcecode.c.objc; path = main.m; sourceTree = "<group>"; };
		D61CD24E210D88B900D0018C /* SecondViewController.h */ = {isa = PBXFileReference; lastKnownFileType = sourcecode.c.h; path = SecondViewController.h; sourceTree = "<group>"; };
		D61CD24F210D88B900D0018C /* SecondViewController.m */ = {isa = PBXFileReference; lastKnownFileType = sourcecode.c.objc; path = SecondViewController.m; sourceTree = "<group>"; };
/* End PBXFileReference section */

/* Begin PBXFrameworksBuildPhase section */
		D61CD232210D87AD00D0018C /* Frameworks */ = {
			isa = PBXFrameworksBuildPhase;
			buildActionMask = 2147483647;
			files = (
			);
			runOnlyForDeploymentPostprocessing = 0;
		};
/* End PBXFrameworksBuildPhase section */

/* Begin PBXGroup section */
		D61CD22C210D87AD00D0018C = {
			isa = PBXGroup;
			children = (
				D61CD237210D87AD00D0018C /* Callback */,
				D61CD236210D87AD00D0018C /* Products */,
			);
			sourceTree = "<group>";
		};
		D61CD236210D87AD00D0018C /* Products */ = {
			isa = PBXGroup;
			children = (
				D61CD235210D87AD00D0018C /* Callback.app */,
			);
			name = Products;
			sourceTree = "<group>";
		};
		D61CD237210D87AD00D0018C /* Callback */ = {
			isa = PBXGroup;
			children = (
				D61CD238210D87AD00D0018C /* AppDelegate.h */,
				D61CD239210D87AD00D0018C /* AppDelegate.m */,
				D61CD23B210D87AD00D0018C /* ViewController.h */,
				D61CD23C210D87AD00D0018C /* ViewController.m */,
				D61CD23E210D87AD00D0018C /* Main.storyboard */,
				D61CD24E210D88B900D0018C /* SecondViewController.h */,
				D61CD24F210D88B900D0018C /* SecondViewController.m */,
				D61CD241210D87AE00D0018C /* Assets.xcassets */,
				D61CD243210D87AE00D0018C /* LaunchScreen.storyboard */,
				D61CD246210D87AE00D0018C /* Info.plist */,
				D61CD247210D87AE00D0018C /* main.m */,
			);
			path = Callback;
			sourceTree = "<group>";
		};
/* End PBXGroup section */

/* Begin PBXNativeTarget section */
		D61CD234210D87AD00D0018C /* Callback */ = {
			isa = PBXNativeTarget;
			buildConfigurationList = D61CD24B210D87AE00D0018C /* Build configuration list for PBXNativeTarget "Callback" */;
			buildPhases = (
				D61CD231210D87AD00D0018C /* Sources */,
				D61CD232210D87AD00D0018C /* Frameworks */,
				D61CD233210D87AD00D0018C /* Resources */,
			);
			buildRules = (
			);
			dependencies = (
			);
			name = Callback;
			productName = Callback;
			productReference = D61CD235210D87AD00D0018C /* Callback.app */;
			productType = "com.apple.product-type.application";
		};
/* End PBXNativeTarget section */

/* Begin PBXProject section */
		D61CD22D210D87AD00D0018C /* Project object */ = {
			isa = PBXProject;
			attributes = {
				LastUpgradeCheck = 0940;
				ORGANIZATIONNAME = EthanLin;
				TargetAttributes = {
					D61CD234210D87AD00D0018C = {
						CreatedOnToolsVersion = 9.4.1;
					};
				};
			};
			buildConfigurationList = D61CD230210D87AD00D0018C /* Build configuration list for PBXProject "Callback" */;
			compatibilityVersion = "Xcode 9.3";
			developmentRegion = en;
			hasScannedForEncodings = 0;
			knownRegions = (
				en,
				Base,
			);
			mainGroup = D61CD22C210D87AD00D0018C;
			productRefGroup = D61CD236210D87AD00D0018C /* Products */;
			projectDirPath = "";
			projectRoot = "";
			targets = (
				D61CD234210D87AD00D0018C /* Callback */,
			);
		};
/* End PBXProject section */

/* Begin PBXResourcesBuildPhase section */
		D61CD233210D87AD00D0018C /* Resources */ = {
			isa = PBXResourcesBuildPhase;
			buildActionMask = 2147483647;
			files = (
				D61CD245210D87AE00D0018C /* LaunchScreen.storyboard in Resources */,
				D61CD242210D87AE00D0018C /* Assets.xcassets in Resources */,
				D61CD240210D87AD00D0018C /* Main.storyboard in Resources */,
			);
			runOnlyForDeploymentPostprocessing = 0;
		};
/* End PBXResourcesBuildPhase section */

/* Begin PBXSourcesBuildPhase section */
		D61CD231210D87AD00D0018C /* Sources */ = {
			isa = PBXSourcesBuildPhase;
			buildActionMask = 2147483647;
			files = (
				D61CD250210D88B900D0018C /* SecondViewController.m in Sources */,
				D61CD23D210D87AD00D0018C /* ViewController.m in Sources */,
				D61CD248210D87AE00D0018C /* main.m in Sources */,
				D61CD23A210D87AD00D0018C /* AppDelegate.m in Sources */,
			);
			runOnlyForDeploymentPostprocessing = 0;
		};
/* End PBXSourcesBuildPhase section */

/* Begin PBXVariantGroup section */
		D61CD23E210D87AD00D0018C /* Main.storyboard */ = {
			isa = PBXVariantGroup;
			children = (
				D61CD23F210D87AD00D0018C /* Base */,
			);
			name = Main.storyboard;
			sourceTree = "<group>";
		};
		D61CD243210D87AE00D0018C /* LaunchScreen.storyboard */ = {
			isa = PBXVariantGroup;
			children = (
				D61CD244210D87AE00D0018C /* Base */,
			);
			name = LaunchScreen.storyboard;
			sourceTree = "<group>";
		};
/* End PBXVariantGroup section */

/* Begin XCBuildConfiguration section */
		D61CD249210D87AE00D0018C /* Debug */ = {
			isa = XCBuildConfiguration;
			buildSettings = {
				ALWAYS_SEARCH_USER_PATHS = NO;
				CLANG_ANALYZER_NONNULL = YES;
				CLANG_ANALYZER_NUMBER_OBJECT_CONVERSION = YES_AGGRESSIVE;
				CLANG_CXX_LANGUAGE_STANDARD = "gnu++14";
				CLANG_CXX_LIBRARY = "libc++";
				CLANG_ENABLE_MODULES = YES;
				CLANG_ENABLE_OBJC_ARC = YES;
				CLANG_ENABLE_OBJC_WEAK = YES;
				CLANG_WARN_BLOCK_CAPTURE_AUTORELEASING = YES;
				CLANG_WARN_BOOL_CONVERSION = YES;
				CLANG_WARN_COMMA = YES;
				CLANG_WARN_CONSTANT_CONVERSION = YES;
				CLANG_WARN_DEPRECATED_OBJC_IMPLEMENTATIONS = YES;
				CLANG_WARN_DIRECT_OBJC_ISA_USAGE = YES_ERROR;
				CLANG_WARN_DOCUMENTATION_COMMENTS = YES;
				CLANG_WARN_EMPTY_BODY = YES;
				CLANG_WARN_ENUM_CONVERSION = YES;
				CLANG_WARN_INFINITE_RECURSION = YES;
				CLANG_WARN_INT_CONVERSION = YES;
				CLANG_WARN_NON_LITERAL_NULL_CONVERSION = YES;
				CLANG_WARN_OBJC_IMPLICIT_RETAIN_SELF = YES;
				CLANG_WARN_OBJC_LITERAL_CONVERSION = YES;
				CLANG_WARN_OBJC_ROOT_CLASS = YES_ERROR;
				CLANG_WARN_RANGE_LOOP_ANALYSIS = YES;
				CLANG_WARN_STRICT_PROTOTYPES = YES;
				CLANG_WARN_SUSPICIOUS_MOVE = YES;
				CLANG_WARN_UNGUARDED_AVAILABILITY = YES_AGGRESSIVE;
				CLANG_WARN_UNREACHABLE_CODE = YES;
				CLANG_WARN__DUPLICATE_METHOD_MATCH = YES;
				CODE_SIGN_IDENTITY = "iPhone Developer";
				COPY_PHASE_STRIP = NO;
				DEBUG_INFORMATION_FORMAT = dwarf;
				ENABLE_STRICT_OBJC_MSGSEND = YES;
				ENABLE_TESTABILITY = YES;
				GCC_C_LANGUAGE_STANDARD = gnu11;
				GCC_DYNAMIC_NO_PIC = NO;
				GCC_NO_COMMON_BLOCKS = YES;
				GCC_OPTIMIZATION_LEVEL = 0;
				GCC_PREPROCESSOR_DEFINITIONS = (
					"DEBUG=1",
					"$(inherited)",
				);
				GCC_WARN_64_TO_32_BIT_CONVERSION = YES;
				GCC_WARN_ABOUT_RETURN_TYPE = YES_ERROR;
				GCC_WARN_UNDECLARED_SELECTOR = YES;
				GCC_WARN_UNINITIALIZED_AUTOS = YES_AGGRESSIVE;
				GCC_WARN_UNUSED_FUNCTION = YES;
				GCC_WARN_UNUSED_VARIABLE = YES;
				IPHONEOS_DEPLOYMENT_TARGET = 11.4;
				MTL_ENABLE_DEBUG_INFO = YES;
				ONLY_ACTIVE_ARCH = YES;
				SDKROOT = iphoneos;
			};
			name = Debug;
		};
		D61CD24A210D87AE00D0018C /* Release */ = {
			isa = XCBuildConfiguration;
			buildSettings = {
				ALWAYS_SEARCH_USER_PATHS = NO;
				CLANG_ANALYZER_NONNULL = YES;
				CLANG_ANALYZER_NUMBER_OBJECT_CONVERSION = YES_AGGRESSIVE;
				CLANG_CXX_LANGUAGE_STANDARD = "gnu++14";
				CLANG_CXX_LIBRARY = "libc++";
				CLANG_ENABLE_MODULES = YES;
				CLANG_ENABLE_OBJC_ARC = YES;
				CLANG_ENABLE_OBJC_WEAK = YES;
				CLANG_WARN_BLOCK_CAPTURE_AUTORELEASING = YES;
				CLANG_WARN_BOOL_CONVERSION = YES;
				CLANG_WARN_COMMA = YES;
				CLANG_WARN_CONSTANT_CONVERSION = YES;
				CLANG_WARN_DEPRECATED_OBJC_IMPLEMENTATIONS = YES;
				CLANG_WARN_DIRECT_OBJC_ISA_USAGE = YES_ERROR;
				CLANG_WARN_DOCUMENTATION_COMMENTS = YES;
				CLANG_WARN_EMPTY_BODY = YES;
				CLANG_WARN_ENUM_CONVERSION = YES;
				CLANG_WARN_INFINITE_RECURSION = YES;
				CLANG_WARN_INT_CONVERSION = YES;
				CLANG_WARN_NON_LITERAL_NULL_CONVERSION = YES;
				CLANG_WARN_OBJC_IMPLICIT_RETAIN_SELF = YES;
				CLANG_WARN_OBJC_LITERAL_CONVERSION = YES;
				CLANG_WARN_OBJC_ROOT_CLASS = YES_ERROR;
				CLANG_WARN_RANGE_LOOP_ANALYSIS = YES;
				CLANG_WARN_STRICT_PROTOTYPES = YES;
				CLANG_WARN_SUSPICIOUS_MOVE = YES;
				CLANG_WARN_UNGUARDED_AVAILABILITY = YES_AGGRESSIVE;
				CLANG_WARN_UNREACHABLE_CODE = YES;
				CLANG_WARN__DUPLICATE_METHOD_MATCH = YES;
				CODE_SIGN_IDENTITY = "iPhone Developer";
				COPY_PHASE_STRIP = NO;
				DEBUG_INFORMATION_FORMAT = "dwarf-with-dsym";
				ENABLE_NS_ASSERTIONS = NO;
				ENABLE_STRICT_OBJC_MSGSEND = YES;
				GCC_C_LANGUAGE_STANDARD = gnu11;
				GCC_NO_COMMON_BLOCKS = YES;
				GCC_WARN_64_TO_32_BIT_CONVERSION = YES;
				GCC_WARN_ABOUT_RETURN_TYPE = YES_ERROR;
				GCC_WARN_UNDECLARED_SELECTOR = YES;
				GCC_WARN_UNINITIALIZED_AUTOS = YES_AGGRESSIVE;
				GCC_WARN_UNUSED_FUNCTION = YES;
				GCC_WARN_UNUSED_VARIABLE = YES;
				IPHONEOS_DEPLOYMENT_TARGET = 11.4;
				MTL_ENABLE_DEBUG_INFO = NO;
				SDKROOT = iphoneos;
				VALIDATE_PRODUCT = YES;
			};
			name = Release;
		};
		D61CD24C210D87AE00D0018C /* Debug */ = {
			isa = XCBuildConfiguration;
			buildSettings = {
				ASSETCATALOG_COMPILER_APPICON_NAME = AppIcon;
				CODE_SIGN_STYLE = Automatic;
				DEVELOPMENT_TEAM = B2H8R699XY;
				INFOPLIST_FILE = Callback/Info.plist;
				LD_RUNPATH_SEARCH_PATHS = (
					"$(inherited)",
					"@executable_path/Frameworks",
				);
				PRODUCT_BUNDLE_IDENTIFIER = com.ethan510010.Callback;
				PRODUCT_NAME = "$(TARGET_NAME)";
				TARGETED_DEVICE_FAMILY = "1,2";
			};
			name = Debug;
		};
		D61CD24D210D87AE00D0018C /* Release */ = {
			isa = XCBuildConfiguration;
			buildSettings = {
				ASSETCATALOG_COMPILER_APPICON_NAME = AppIcon;
				CODE_SIGN_STYLE = Automatic;
				DEVELOPMENT_TEAM = B2H8R699XY;
				INFOPLIST_FILE = Callback/Info.plist;
				LD_RUNPATH_SEARCH_PATHS = (
					"$(inherited)",
					"@executable_path/Frameworks",
				);
				PRODUCT_BUNDLE_IDENTIFIER = com.ethan510010.Callback;
				PRODUCT_NAME = "$(TARGET_NAME)";
				TARGETED_DEVICE_FAMILY = "1,2";
			};
			name = Release;
		};
/* End XCBuildConfiguration section */

/* Begin XCConfigurationList section */
		D61CD230210D87AD00D0018C /* Build configuration list for PBXProject "Callback" */ = {
			isa = XCConfigurationList;
			buildConfigurations = (
				D61CD249210D87AE00D0018C /* Debug */,
				D61CD24A210D87AE00D0018C /* Release */,
			);
			defaultConfigurationIsVisible = 0;
			defaultConfigurationName = Release;
		};
		D61CD24B210D87AE00D0018C /* Build configuration list for PBXNativeTarget "Callback" */ = {
			isa = XCConfigurationList;
			buildConfigurations = (
				D61CD24C210D87AE00D0018C /* Debug */,
				D61CD24D210D87AE00D0018C /* Release */,
			);
			defaultConfigurationIsVisible = 0;
			defaultConfigurationName = Release;
		};
/* End XCConfigurationList section */
	};
	rootObject = D61CD22D210D87AD00D0018C /* Project object */;
}
