// !$*UTF8*$!
{
	archiveVersion = 1;
	classes = {
	};
	objectVersion = 50;
	objects = {

/* Begin PBXBuildFile section */
		D6ED688921035847008D1D78 /* AppDelegate.m in Sources */ = {isa = PBXBuildFile; fileRef = D6ED688821035847008D1D78 /* AppDelegate.m */; };
		D6ED688C21035847008D1D78 /* ViewController.m in Sources */ = {isa = PBXBuildFile; fileRef = D6ED688B21035847008D1D78 /* ViewController.m */; };
		D6ED688F21035847008D1D78 /* Main.storyboard in Resources */ = {isa = PBXBuildFile; fileRef = D6ED688D21035847008D1D78 /* Main.storyboard */; };
		D6ED689121035848008D1D78 /* Assets.xcassets in Resources */ = {isa = PBXBuildFile; fileRef = D6ED689021035848008D1D78 /* Assets.xcassets */; };
		D6ED689421035848008D1D78 /* LaunchScreen.storyboard in Resources */ = {isa = PBXBuildFile; fileRef = D6ED689221035848008D1D78 /* LaunchScreen.storyboard */; };
		D6ED689721035848008D1D78 /* main.m in Sources */ = {isa = PBXBuildFile; fileRef = D6ED689621035848008D1D78 /* main.m */; };
		D6ED689F2103588A008D1D78 /* SecondViewController.m in Sources */ = {isa = PBXBuildFile; fileRef = D6ED689E2103588A008D1D78 /* SecondViewController.m */; };
/* End PBXBuildFile section */

/* Begin PBXFileReference section */
		D6ED688421035847008D1D78 /* OCPrepare.app */ = {isa = PBXFileReference; explicitFileType = wrapper.application; includeInIndex = 0; path = OCPrepare.app; sourceTree = BUILT_PRODUCTS_DIR; };
		D6ED688721035847008D1D78 /* AppDelegate.h */ = {isa = PBXFileReference; lastKnownFileType = sourcecode.c.h; path = AppDelegate.h; sourceTree = "<group>"; };
		D6ED688821035847008D1D78 /* AppDelegate.m */ = {isa = PBXFileReference; lastKnownFileType = sourcecode.c.objc; path = AppDelegate.m; sourceTree = "<group>"; };
		D6ED688A21035847008D1D78 /* ViewController.h */ = {isa = PBXFileReference; lastKnownFileType = sourcecode.c.h; path = ViewController.h; sourceTree = "<group>"; };
		D6ED688B21035847008D1D78 /* ViewController.m */ = {isa = PBXFileReference; lastKnownFileType = sourcecode.c.objc; path = ViewController.m; sourceTree = "<group>"; };
		D6ED688E21035847008D1D78 /* Base */ = {isa = PBXFileReference; lastKnownFileType = file.storyboard; name = Base; path = Base.lproj/Main.storyboard; sourceTree = "<group>"; };
		D6ED689021035848008D1D78 /* Assets.xcassets */ = {isa = PBXFileReference; lastKnownFileType = folder.assetcatalog; path = Assets.xcassets; sourceTree = "<group>"; };
		D6ED689321035848008D1D78 /* Base */ = {isa = PBXFileReference; lastKnownFileType = file.storyboard; name = Base; path = Base.lproj/LaunchScreen.storyboard; sourceTree = "<group>"; };
		D6ED689521035848008D1D78 /* Info.plist */ = {isa = PBXFileReference; lastKnownFileType = text.plist.xml; path = Info.plist; sourceTree = "<group>"; };
		D6ED689621035848008D1D78 /* main.m */ = {isa = PBXFileReference; lastKnownFileType = sourcecode.c.objc; path = main.m; sourceTree = "<group>"; };
		D6ED689D2103588A008D1D78 /* SecondViewController.h */ = {isa = PBXFileReference; lastKnownFileType = sourcecode.c.h; path = SecondViewController.h; sourceTree = "<group>"; };
		D6ED689E2103588A008D1D78 /* SecondViewController.m */ = {isa = PBXFileReference; lastKnownFileType = sourcecode.c.objc; path = SecondViewController.m; sourceTree = "<group>"; };
/* End PBXFileReference section */

/* Begin PBXFrameworksBuildPhase section */
		D6ED688121035847008D1D78 /* Frameworks */ = {
			isa = PBXFrameworksBuildPhase;
			buildActionMask = 2147483647;
			files = (
			);
			runOnlyForDeploymentPostprocessing = 0;
		};
/* End PBXFrameworksBuildPhase section */

/* Begin PBXGroup section */
		D6ED687B21035847008D1D78 = {
			isa = PBXGroup;
			children = (
				D6ED688621035847008D1D78 /* OCPrepare */,
				D6ED688521035847008D1D78 /* Products */,
			);
			sourceTree = "<group>";
		};
		D6ED688521035847008D1D78 /* Products */ = {
			isa = PBXGroup;
			children = (
				D6ED688421035847008D1D78 /* OCPrepare.app */,
			);
			name = Products;
			sourceTree = "<group>";
		};
		D6ED688621035847008D1D78 /* OCPrepare */ = {
			isa = PBXGroup;
			children = (
				D6ED688721035847008D1D78 /* AppDelegate.h */,
				D6ED688821035847008D1D78 /* AppDelegate.m */,
				D6ED688A21035847008D1D78 /* ViewController.h */,
				D6ED688B21035847008D1D78 /* ViewController.m */,
				D6ED688D21035847008D1D78 /* Main.storyboard */,
				D6ED689021035848008D1D78 /* Assets.xcassets */,
				D6ED689221035848008D1D78 /* LaunchScreen.storyboard */,
				D6ED689521035848008D1D78 /* Info.plist */,
				D6ED689621035848008D1D78 /* main.m */,
				D6ED689D2103588A008D1D78 /* SecondViewController.h */,
				D6ED689E2103588A008D1D78 /* SecondViewController.m */,
			);
			path = OCPrepare;
			sourceTree = "<group>";
		};
/* End PBXGroup section */

/* Begin PBXNativeTarget section */
		D6ED688321035847008D1D78 /* OCPrepare */ = {
			isa = PBXNativeTarget;
			buildConfigurationList = D6ED689A21035848008D1D78 /* Build configuration list for PBXNativeTarget "OCPrepare" */;
			buildPhases = (
				D6ED688021035847008D1D78 /* Sources */,
				D6ED688121035847008D1D78 /* Frameworks */,
				D6ED688221035847008D1D78 /* Resources */,
			);
			buildRules = (
			);
			dependencies = (
			);
			name = OCPrepare;
			productName = OCPrepare;
			productReference = D6ED688421035847008D1D78 /* OCPrepare.app */;
			productType = "com.apple.product-type.application";
		};
/* End PBXNativeTarget section */

/* Begin PBXProject section */
		D6ED687C21035847008D1D78 /* Project object */ = {
			isa = PBXProject;
			attributes = {
				LastUpgradeCheck = 0940;
				ORGANIZATIONNAME = EthanLin;
				TargetAttributes = {
					D6ED688321035847008D1D78 = {
						CreatedOnToolsVersion = 9.4.1;
					};
				};
			};
			buildConfigurationList = D6ED687F21035847008D1D78 /* Build configuration list for PBXProject "OCPrepare" */;
			compatibilityVersion = "Xcode 9.3";
			developmentRegion = en;
			hasScannedForEncodings = 0;
			knownRegions = (
				en,
				Base,
			);
			mainGroup = D6ED687B21035847008D1D78;
			productRefGroup = D6ED688521035847008D1D78 /* Products */;
			projectDirPath = "";
			projectRoot = "";
			targets = (
				D6ED688321035847008D1D78 /* OCPrepare */,
			);
		};
/* End PBXProject section */

/* Begin PBXResourcesBuildPhase section */
		D6ED688221035847008D1D78 /* Resources */ = {
			isa = PBXResourcesBuildPhase;
			buildActionMask = 2147483647;
			files = (
				D6ED689421035848008D1D78 /* LaunchScreen.storyboard in Resources */,
				D6ED689121035848008D1D78 /* Assets.xcassets in Resources */,
				D6ED688F21035847008D1D78 /* Main.storyboard in Resources */,
			);
			runOnlyForDeploymentPostprocessing = 0;
		};
/* End PBXResourcesBuildPhase section */

/* Begin PBXSourcesBuildPhase section */
		D6ED688021035847008D1D78 /* Sources */ = {
			isa = PBXSourcesBuildPhase;
			buildActionMask = 2147483647;
			files = (
				D6ED689F2103588A008D1D78 /* SecondViewController.m in Sources */,
				D6ED688C21035847008D1D78 /* ViewController.m in Sources */,
				D6ED689721035848008D1D78 /* main.m in Sources */,
				D6ED688921035847008D1D78 /* AppDelegate.m in Sources */,
			);
			runOnlyForDeploymentPostprocessing = 0;
		};
/* End PBXSourcesBuildPhase section */

/* Begin PBXVariantGroup section */
		D6ED688D21035847008D1D78 /* Main.storyboard */ = {
			isa = PBXVariantGroup;
			children = (
				D6ED688E21035847008D1D78 /* Base */,
			);
			name = Main.storyboard;
			sourceTree = "<group>";
		};
		D6ED689221035848008D1D78 /* LaunchScreen.storyboard */ = {
			isa = PBXVariantGroup;
			children = (
				D6ED689321035848008D1D78 /* Base */,
			);
			name = LaunchScreen.storyboard;
			sourceTree = "<group>";
		};
/* End PBXVariantGroup section */

/* Begin XCBuildConfiguration section */
		D6ED689821035848008D1D78 /* Debug */ = {
			isa = XCBuildConfiguration;
			buildSettings = {
				ALWAYS_SEARCH_USER_PATHS = NO;
				CLANG_ANALYZER_NONNULL = YES;
				CLANG_ANALYZER_NUMBER_OBJECT_CONVERSION = YES_AGGRESSIVE;
				CLANG_CXX_LANGUAGE_STANDARD = "gnu++14";
				CLANG_CXX_LIBRARY = "libc++";
				CLANG_ENABLE_MODULES = YES;
				CLANG_ENABLE_OBJC_ARC = YES;
				CLANG_ENABLE_OBJC_WEAK = YES;
				CLANG_WARN_BLOCK_CAPTURE_AUTORELEASING = YES;
				CLANG_WARN_BOOL_CONVERSION = YES;
				CLANG_WARN_COMMA = YES;
				CLANG_WARN_CONSTANT_CONVERSION = YES;
				CLANG_WARN_DEPRECATED_OBJC_IMPLEMENTATIONS = YES;
				CLANG_WARN_DIRECT_OBJC_ISA_USAGE = YES_ERROR;
				CLANG_WARN_DOCUMENTATION_COMMENTS = YES;
				CLANG_WARN_EMPTY_BODY = YES;
				CLANG_WARN_ENUM_CONVERSION = YES;
				CLANG_WARN_INFINITE_RECURSION = YES;
				CLANG_WARN_INT_CONVERSION = YES;
				CLANG_WARN_NON_LITERAL_NULL_CONVERSION = YES;
				CLANG_WARN_OBJC_IMPLICIT_RETAIN_SELF = YES;
				CLANG_WARN_OBJC_LITERAL_CONVERSION = YES;
				CLANG_WARN_OBJC_ROOT_CLASS = YES_ERROR;
				CLANG_WARN_RANGE_LOOP_ANALYSIS = YES;
				CLANG_WARN_STRICT_PROTOTYPES = YES;
				CLANG_WARN_SUSPICIOUS_MOVE = YES;
				CLANG_WARN_UNGUARDED_AVAILABILITY = YES_AGGRESSIVE;
				CLANG_WARN_UNREACHABLE_CODE = YES;
				CLANG_WARN__DUPLICATE_METHOD_MATCH = YES;
				CODE_SIGN_IDENTITY = "iPhone Developer";
				COPY_PHASE_STRIP = NO;
				DEBUG_INFORMATION_FORMAT = dwarf;
				ENABLE_STRICT_OBJC_MSGSEND = YES;
				ENABLE_TESTABILITY = YES;
				GCC_C_LANGUAGE_STANDARD = gnu11;
				GCC_DYNAMIC_NO_PIC = NO;
				GCC_NO_COMMON_BLOCKS = YES;
				GCC_OPTIMIZATION_LEVEL = 0;
				GCC_PREPROCESSOR_DEFINITIONS = (
					"DEBUG=1",
					"$(inherited)",
				);
				GCC_WARN_64_TO_32_BIT_CONVERSION = YES;
				GCC_WARN_ABOUT_RETURN_TYPE = YES_ERROR;
				GCC_WARN_UNDECLARED_SELECTOR = YES;
				GCC_WARN_UNINITIALIZED_AUTOS = YES_AGGRESSIVE;
				GCC_WARN_UNUSED_FUNCTION = YES;
				GCC_WARN_UNUSED_VARIABLE = YES;
				IPHONEOS_DEPLOYMENT_TARGET = 11.4;
				MTL_ENABLE_DEBUG_INFO = YES;
				ONLY_ACTIVE_ARCH = YES;
				SDKROOT = iphoneos;
			};
			name = Debug;
		};
		D6ED689921035848008D1D78 /* Release */ = {
			isa = XCBuildConfiguration;
			buildSettings = {
				ALWAYS_SEARCH_USER_PATHS = NO;
				CLANG_ANALYZER_NONNULL = YES;
				CLANG_ANALYZER_NUMBER_OBJECT_CONVERSION = YES_AGGRESSIVE;
				CLANG_CXX_LANGUAGE_STANDARD = "gnu++14";
				CLANG_CXX_LIBRARY = "libc++";
				CLANG_ENABLE_MODULES = YES;
				CLANG_ENABLE_OBJC_ARC = YES;
				CLANG_ENABLE_OBJC_WEAK = YES;
				CLANG_WARN_BLOCK_CAPTURE_AUTORELEASING = YES;
				CLANG_WARN_BOOL_CONVERSION = YES;
				CLANG_WARN_COMMA = YES;
				CLANG_WARN_CONSTANT_CONVERSION = YES;
				CLANG_WARN_DEPRECATED_OBJC_IMPLEMENTATIONS = YES;
				CLANG_WARN_DIRECT_OBJC_ISA_USAGE = YES_ERROR;
				CLANG_WARN_DOCUMENTATION_COMMENTS = YES;
				CLANG_WARN_EMPTY_BODY = YES;
				CLANG_WARN_ENUM_CONVERSION = YES;
				CLANG_WARN_INFINITE_RECURSION = YES;
				CLANG_WARN_INT_CONVERSION = YES;
				CLANG_WARN_NON_LITERAL_NULL_CONVERSION = YES;
				CLANG_WARN_OBJC_IMPLICIT_RETAIN_SELF = YES;
				CLANG_WARN_OBJC_LITERAL_CONVERSION = YES;
				CLANG_WARN_OBJC_ROOT_CLASS = YES_ERROR;
				CLANG_WARN_RANGE_LOOP_ANALYSIS = YES;
				CLANG_WARN_STRICT_PROTOTYPES = YES;
				CLANG_WARN_SUSPICIOUS_MOVE = YES;
				CLANG_WARN_UNGUARDED_AVAILABILITY = YES_AGGRESSIVE;
				CLANG_WARN_UNREACHABLE_CODE = YES;
				CLANG_WARN__DUPLICATE_METHOD_MATCH = YES;
				CODE_SIGN_IDENTITY = "iPhone Developer";
				COPY_PHASE_STRIP = NO;
				DEBUG_INFORMATION_FORMAT = "dwarf-with-dsym";
				ENABLE_NS_ASSERTIONS = NO;
				ENABLE_STRICT_OBJC_MSGSEND = YES;
				GCC_C_LANGUAGE_STANDARD = gnu11;
				GCC_NO_COMMON_BLOCKS = YES;
				GCC_WARN_64_TO_32_BIT_CONVERSION = YES;
				GCC_WARN_ABOUT_RETURN_TYPE = YES_ERROR;
				GCC_WARN_UNDECLARED_SELECTOR = YES;
				GCC_WARN_UNINITIALIZED_AUTOS = YES_AGGRESSIVE;
				GCC_WARN_UNUSED_FUNCTION = YES;
				GCC_WARN_UNUSED_VARIABLE = YES;
				IPHONEOS_DEPLOYMENT_TARGET = 11.4;
				MTL_ENABLE_DEBUG_INFO = NO;
				SDKROOT = iphoneos;
				VALIDATE_PRODUCT = YES;
			};
			name = Release;
		};
		D6ED689B21035848008D1D78 /* Debug */ = {
			isa = XCBuildConfiguration;
			buildSettings = {
				ASSETCATALOG_COMPILER_APPICON_NAME = AppIcon;
				CODE_SIGN_STYLE = Automatic;
				DEVELOPMENT_TEAM = B2H8R699XY;
				INFOPLIST_FILE = OCPrepare/Info.plist;
				LD_RUNPATH_SEARCH_PATHS = (
					"$(inherited)",
					"@executable_path/Frameworks",
				);
				PRODUCT_BUNDLE_IDENTIFIER = com.ethan510010.OCPrepare;
				PRODUCT_NAME = "$(TARGET_NAME)";
				TARGETED_DEVICE_FAMILY = "1,2";
			};
			name = Debug;
		};
		D6ED689C21035848008D1D78 /* Release */ = {
			isa = XCBuildConfiguration;
			buildSettings = {
				ASSETCATALOG_COMPILER_APPICON_NAME = AppIcon;
				CODE_SIGN_STYLE = Automatic;
				DEVELOPMENT_TEAM = B2H8R699XY;
				INFOPLIST_FILE = OCPrepare/Info.plist;
				LD_RUNPATH_SEARCH_PATHS = (
					"$(inherited)",
					"@executable_path/Frameworks",
				);
				PRODUCT_BUNDLE_IDENTIFIER = com.ethan510010.OCPrepare;
				PRODUCT_NAME = "$(TARGET_NAME)";
				TARGETED_DEVICE_FAMILY = "1,2";
			};
			name = Release;
		};
/* End XCBuildConfiguration section */

/* Begin XCConfigurationList section */
		D6ED687F21035847008D1D78 /* Build configuration list for PBXProject "OCPrepare" */ = {
			isa = XCConfigurationList;
			buildConfigurations = (
				D6ED689821035848008D1D78 /* Debug */,
				D6ED689921035848008D1D78 /* Release */,
			);
			defaultConfigurationIsVisible = 0;
			defaultConfigurationName = Release;
		};
		D6ED689A21035848008D1D78 /* Build configuration list for PBXNativeTarget "OCPrepare" */ = {
			isa = XCConfigurationList;
			buildConfigurations = (
				D6ED689B21035848008D1D78 /* Debug */,
				D6ED689C21035848008D1D78 /* Release */,
			);
			defaultConfigurationIsVisible = 0;
			defaultConfigurationName = Release;
		};
/* End XCConfigurationList section */
	};
	rootObject = D6ED687C21035847008D1D78 /* Project object */;
}
